{
  "nodes": {
    "nixpkgs": {
      "locked": {
        "lastModified": 0,
        "narHash": "sha256-8Vlwf0x8ow6pPOK2a04bT+pxIeRnM1+O0Xv9/CuDzRs=",
        "path": "/nix/store/3ds4cwrnkgfvpjgf80vr2dbw9yfrrnsv-source",
        "type": "path"
      },
      "original": {
        "id": "nixpkgs",
        "type": "indirect"
      }
    },
    "root": {
      "inputs": {
        "nixpkgs": "nixpkgs"
      }
    }
  },
  "root": "root",
  "version": 7
}
