{
  "nodes": {
    "nixpkgs": {
      "locked": {
        "lastModified": 1612545171,
        "narHash": "sha256-AZkSuO7H055eDD4KWBEDCX/R5fvw0vUMCErvQvYSEhA=",
        "owner": "NixOS",
        "repo": "nixpkgs",
        "rev": "536fe36e23ab0fc8b7f35c24603422eee9fc17a2",
        "type": "github"
      },
      "original": {
        "owner": "NixOS",
        "repo": "nixpkgs",
        "rev": "536fe36e23ab0fc8b7f35c24603422eee9fc17a2",
        "type": "github"
      }
    },
    "root": {
      "inputs": {
        "nixpkgs": "nixpkgs"
      }
    }
  },
  "root": "root",
  "version": 7
}
